
Microsoft Visual Studio Solution File, Format Version 12.00
# Visual Studio Version 16
VisualStudioVersion = 16.0.29326.143
MinimumVisualStudioVersion = 10.0.40219.1
Project("{9A19103F-16F7-4668-BE54-9A1E7A4F7556}") = "MotelBookingAPI", "MotelBooking\MotelBookingAPI.csproj", "{E15C349C-7147-4F9C-90EA-A7331E276580}"
EndProject
Project("{9A19103F-16F7-4668-BE54-9A1E7A4F7556}") = "MotelBooking.Models", "MotelBooking.Models\MotelBooking.Models.csproj", "{1A1E117B-6D9A-43EB-A93E-5D329E11E7B6}"
EndProject
Project("{9A19103F-16F7-4668-BE54-9A1E7A4F7556}") = "MotelBooking.Tests", "MotelBooking.Tests\MotelBooking.Tests.csproj", "{1B486093-EAB9-4100-B4CC-0AA1F205ABA8}"
EndProject
Project("{9A19103F-16F7-4668-BE54-9A1E7A4F7556}") = "MotelBooking.DataAccess", "MotelBooking.DataAccess\MotelBooking.DataAccess.csproj", "{0C4CBB6B-82D1-42C7-AECB-9DA3FF4333E5}"
EndProject
Global
	GlobalSection(SolutionConfigurationPlatforms) = preSolution
		Debug|Any CPU = Debug|Any CPU
		Release|Any CPU = Release|Any CPU
	EndGlobalSection
	GlobalSection(ProjectConfigurationPlatforms) = postSolution
		{E15C349C-7147-4F9C-90EA-A7331E276580}.Debug|Any CPU.ActiveCfg = Debug|Any CPU
		{E15C349C-7147-4F9C-90EA-A7331E276580}.Debug|Any CPU.Build.0 = Debug|Any CPU
		{E15C349C-7147-4F9C-90EA-A7331E276580}.Release|Any CPU.ActiveCfg = Release|Any CPU
		{E15C349C-7147-4F9C-90EA-A7331E276580}.Release|Any CPU.Build.0 = Release|Any CPU
		{1A1E117B-6D9A-43EB-A93E-5D329E11E7B6}.Debug|Any CPU.ActiveCfg = Debug|Any CPU
		{1A1E117B-6D9A-43EB-A93E-5D329E11E7B6}.Debug|Any CPU.Build.0 = Debug|Any CPU
		{1A1E117B-6D9A-43EB-A93E-5D329E11E7B6}.Release|Any CPU.ActiveCfg = Release|Any CPU
		{1A1E117B-6D9A-43EB-A93E-5D329E11E7B6}.Release|Any CPU.Build.0 = Release|Any CPU
		{1B486093-EAB9-4100-B4CC-0AA1F205ABA8}.Debug|Any CPU.ActiveCfg = Debug|Any CPU
		{1B486093-EAB9-4100-B4CC-0AA1F205ABA8}.Debug|Any CPU.Build.0 = Debug|Any CPU
		{1B486093-EAB9-4100-B4CC-0AA1F205ABA8}.Release|Any CPU.ActiveCfg = Release|Any CPU
		{1B486093-EAB9-4100-B4CC-0AA1F205ABA8}.Release|Any CPU.Build.0 = Release|Any CPU
		{0C4CBB6B-82D1-42C7-AECB-9DA3FF4333E5}.Debug|Any CPU.ActiveCfg = Debug|Any CPU
		{0C4CBB6B-82D1-42C7-AECB-9DA3FF4333E5}.Debug|Any CPU.Build.0 = Debug|Any CPU
		{0C4CBB6B-82D1-42C7-AECB-9DA3FF4333E5}.Release|Any CPU.ActiveCfg = Release|Any CPU
		{0C4CBB6B-82D1-42C7-AECB-9DA3FF4333E5}.Release|Any CPU.Build.0 = Release|Any CPU
	EndGlobalSection
	GlobalSection(SolutionProperties) = preSolution
		HideSolutionNode = FALSE
	EndGlobalSection
	GlobalSection(ExtensibilityGlobals) = postSolution
		SolutionGuid = {4DFF3832-F843-4CBD-B5E3-6FC740A37C04}
	EndGlobalSection
EndGlobal
